Microsoft Visual Studio Solution File, Format Version 12.00
# Visual Studio Version 17
VisualStudioVersion = 17.5.2.0
MinimumVisualStudioVersion = 10.0.40219.1
Project("{FAE04EC0-301F-11D3-BF4B-00C04F79EFBC}") = "QuickMart_Traders", "QuickMart_Traders.csproj", "{F2917594-53ED-BD13-AE2C-5140D7E5E37D}"
EndProject
Global
	GlobalSection(SolutionConfigurationPlatforms) = preSolution
		Debug|Any CPU = Debug|Any CPU
		Release|Any CPU = Release|Any CPU
	EndGlobalSection
	GlobalSection(ProjectConfigurationPlatforms) = postSolution
		{F2917594-53ED-BD13-AE2C-5140D7E5E37D}.Debug|Any CPU.ActiveCfg = Debug|Any CPU
		{F2917594-53ED-BD13-AE2C-5140D7E5E37D}.Debug|Any CPU.Build.0 = Debug|Any CPU
		{F2917594-53ED-BD13-AE2C-5140D7E5E37D}.Release|Any CPU.ActiveCfg = Release|Any CPU
		{F2917594-53ED-BD13-AE2C-5140D7E5E37D}.Release|Any CPU.Build.0 = Release|Any CPU
	EndGlobalSection
	GlobalSection(SolutionProperties) = preSolution
		HideSolutionNode = FALSE
	EndGlobalSection
	GlobalSection(ExtensibilityGlobals) = postSolution
		SolutionGuid = {1F31BCCA-B71F-49DD-AA25-0202418B69B8}
	EndGlobalSection
EndGlobal
